// !$*UTF8*$!
{
	archiveVersion = 1;
	classes = {
	};
	objectVersion = 46;
	objects = {

/* Begin PBXFileReference section */
		1DD8995316DF3BF10082D274 /* .gitignore */ = {isa = PBXFileReference; lastKnownFileType = text; path = .gitignore; sourceTree = "<group>"; };
		1DD8995416DF3C2D0082D274 /* README */ = {isa = PBXFileReference; lastKnownFileType = text; path = README; sourceTree = "<group>"; };
/* End PBXFileReference section */

/* Begin PBXGroup section */
		1DD8994C16DF3BCC0082D274 = {
			isa = PBXGroup;
			children = (
				1DD8995316DF3BF10082D274 /* .gitignore */,
				1DD8995416DF3C2D0082D274 /* README */,
			);
			sourceTree = "<group>";
		};
/* End PBXGroup section */

/* Begin PBXProject section */
		1DD8994D16DF3BCC0082D274 /* Project object */ = {
			isa = PBXProject;
			attributes = {
				CLASSPREFIX = IM;
				LastUpgradeCheck = 0460;
				ORGANIZATIONNAME = "myWorld Creations";
			};
			buildConfigurationList = 1DD8995016DF3BCC0082D274 /* Build configuration list for PBXProject "IMClone" */;
			compatibilityVersion = "Xcode 3.2";
			developmentRegion = English;
			hasScannedForEncodings = 0;
			knownRegions = (
				en,
			);
			mainGroup = 1DD8994C16DF3BCC0082D274;
			projectDirPath = "";
			projectRoot = "";
			targets = (
			);
		};
/* End PBXProject section */

/* Begin XCBuildConfiguration section */
		1DD8995116DF3BCC0082D274 /* Debug */ = {
			isa = XCBuildConfiguration;
			buildSettings = {
			};
			name = Debug;
		};
		1DD8995216DF3BCC0082D274 /* Release */ = {
			isa = XCBuildConfiguration;
			buildSettings = {
			};
			name = Release;
		};
/* End XCBuildConfiguration section */

/* Begin XCConfigurationList section */
		1DD8995016DF3BCC0082D274 /* Build configuration list for PBXProject "IMClone" */ = {
			isa = XCConfigurationList;
			buildConfigurations = (
				1DD8995116DF3BCC0082D274 /* Debug */,
				1DD8995216DF3BCC0082D274 /* Release */,
			);
			defaultConfigurationIsVisible = 0;
			defaultConfigurationName = Release;
		};
/* End XCConfigurationList section */
	};
	rootObject = 1DD8994D16DF3BCC0082D274 /* Project object */;
}
